
Microsoft Visual Studio Solution File, Format Version 12.00
# Visual Studio 15
VisualStudioVersion = 15.0.27004.2009
MinimumVisualStudioVersion = 10.0.40219.1
Project("{FAE04EC0-301F-11D3-BF4B-00C04F79EFBC}") = "Server", "Server\Server.csproj", "{3768CD23-1AF9-4A00-8A0A-19516CEFC8A7}"
EndProject
Project("{FAE04EC0-301F-11D3-BF4B-00C04F79EFBC}") = "Client", "Client\Client.csproj", "{3A1FE3C0-43B4-4128-9090-B9C089005D29}"
EndProject
Global
	GlobalSection(SolutionConfigurationPlatforms) = preSolution
		Debug|Any CPU = Debug|Any CPU
		Release|Any CPU = Release|Any CPU
	EndGlobalSection
	GlobalSection(ProjectConfigurationPlatforms) = postSolution
		{3768CD23-1AF9-4A00-8A0A-19516CEFC8A7}.Debug|Any CPU.ActiveCfg = Debug|Any CPU
		{3768CD23-1AF9-4A00-8A0A-19516CEFC8A7}.Debug|Any CPU.Build.0 = Debug|Any CPU
		{3768CD23-1AF9-4A00-8A0A-19516CEFC8A7}.Release|Any CPU.ActiveCfg = Release|Any CPU
		{3768CD23-1AF9-4A00-8A0A-19516CEFC8A7}.Release|Any CPU.Build.0 = Release|Any CPU
		{3A1FE3C0-43B4-4128-9090-B9C089005D29}.Debug|Any CPU.ActiveCfg = Debug|Any CPU
		{3A1FE3C0-43B4-4128-9090-B9C089005D29}.Debug|Any CPU.Build.0 = Debug|Any CPU
		{3A1FE3C0-43B4-4128-9090-B9C089005D29}.Release|Any CPU.ActiveCfg = Release|Any CPU
		{3A1FE3C0-43B4-4128-9090-B9C089005D29}.Release|Any CPU.Build.0 = Release|Any CPU
	EndGlobalSection
	GlobalSection(SolutionProperties) = preSolution
		HideSolutionNode = FALSE
	EndGlobalSection
	GlobalSection(ExtensibilityGlobals) = postSolution
		SolutionGuid = {4A62E33F-2717-4C4A-A912-BAC660C113E4}
	EndGlobalSection
EndGlobal
